
Microsoft Visual Studio Solution File, Format Version 12.00
# Visual Studio 15
VisualStudioVersion = 15.0.26403.7
MinimumVisualStudioVersion = 10.0.40219.1
Project("{FAE04EC0-301F-11D3-BF4B-00C04F79EFBC}") = "bCoreDriverMx", "bCoreDriverMx\bCoreDriverMx.csproj", "{CA4340B2-2E12-46CB-A780-633AAC4F20A0}"
EndProject
Global
	GlobalSection(SolutionConfigurationPlatforms) = preSolution
		Debug|Any CPU = Debug|Any CPU
		Release|Any CPU = Release|Any CPU
	EndGlobalSection
	GlobalSection(ProjectConfigurationPlatforms) = postSolution
		{CA4340B2-2E12-46CB-A780-633AAC4F20A0}.Debug|Any CPU.ActiveCfg = Debug|Any CPU
		{CA4340B2-2E12-46CB-A780-633AAC4F20A0}.Debug|Any CPU.Build.0 = Debug|Any CPU
		{CA4340B2-2E12-46CB-A780-633AAC4F20A0}.Debug|Any CPU.Deploy.0 = Debug|Any CPU
		{CA4340B2-2E12-46CB-A780-633AAC4F20A0}.Release|Any CPU.ActiveCfg = Release|Any CPU
		{CA4340B2-2E12-46CB-A780-633AAC4F20A0}.Release|Any CPU.Build.0 = Release|Any CPU
		{CA4340B2-2E12-46CB-A780-633AAC4F20A0}.Release|Any CPU.Deploy.0 = Release|Any CPU
	EndGlobalSection
	GlobalSection(SolutionProperties) = preSolution
		HideSolutionNode = FALSE
	EndGlobalSection
EndGlobal
